
Microsoft Visual Studio Solution File, Format Version 12.00
# Visual Studio Version 16
VisualStudioVersion = 16.0.30309.148
MinimumVisualStudioVersion = 10.0.40219.1
Project("{888888A0-9F3D-457C-B088-3A5042F75D52}") = "PythonDiscordBot", "PythonDiscordBot\PythonDiscordBot.pyproj", "{D91637E2-B663-4D1F-95CF-51356601CC03}"
EndProject
Global
	GlobalSection(SolutionConfigurationPlatforms) = preSolution
		Debug|Any CPU = Debug|Any CPU
		Release|Any CPU = Release|Any CPU
	EndGlobalSection
	GlobalSection(ProjectConfigurationPlatforms) = postSolution
		{D91637E2-B663-4D1F-95CF-51356601CC03}.Debug|Any CPU.ActiveCfg = Debug|Any CPU
		{D91637E2-B663-4D1F-95CF-51356601CC03}.Release|Any CPU.ActiveCfg = Release|Any CPU
	EndGlobalSection
	GlobalSection(SolutionProperties) = preSolution
		HideSolutionNode = FALSE
	EndGlobalSection
	GlobalSection(ExtensibilityGlobals) = postSolution
		SolutionGuid = {56ED9624-C59D-4832-A976-7AA8D22C15AD}
	EndGlobalSection
EndGlobal
